
Microsoft Visual Studio Solution File, Format Version 12.00
# Visual Studio Version 17
VisualStudioVersion = 17.9.34723.18
MinimumVisualStudioVersion = 10.0.40219.1
Project("{FAE04EC0-301F-11D3-BF4B-00C04F79EFBC}") = "HaberPortalı-MVC", "HaberPortalı-MVC\HaberPortalı-MVC.csproj", "{A8364683-6732-4945-A379-89BEE7421A7A}"
EndProject
Global
	GlobalSection(SolutionConfigurationPlatforms) = preSolution
		Debug|Any CPU = Debug|Any CPU
		Release|Any CPU = Release|Any CPU
	EndGlobalSection
	GlobalSection(ProjectConfigurationPlatforms) = postSolution
		{A8364683-6732-4945-A379-89BEE7421A7A}.Debug|Any CPU.ActiveCfg = Debug|Any CPU
		{A8364683-6732-4945-A379-89BEE7421A7A}.Debug|Any CPU.Build.0 = Debug|Any CPU
		{A8364683-6732-4945-A379-89BEE7421A7A}.Release|Any CPU.ActiveCfg = Release|Any CPU
		{A8364683-6732-4945-A379-89BEE7421A7A}.Release|Any CPU.Build.0 = Release|Any CPU
	EndGlobalSection
	GlobalSection(SolutionProperties) = preSolution
		HideSolutionNode = FALSE
	EndGlobalSection
	GlobalSection(ExtensibilityGlobals) = postSolution
		SolutionGuid = {E3D2C161-3A3C-46B2-A7D3-6EA1E5D77EBA}
	EndGlobalSection
EndGlobal
